
Microsoft Visual Studio Solution File, Format Version 12.00
# Visual Studio Version 16
VisualStudioVersion = 16.0.33328.57
MinimumVisualStudioVersion = 10.0.40219.1
Project("{F184B08F-C81C-45F6-A57F-5ABD9991F28F}") = "PruebaVictor", "PruebaVictor\PruebaVictor.vbproj", "{B185D4EA-1496-4FEE-81A0-B38AA9346FA9}"
EndProject
Global
	GlobalSection(SolutionConfigurationPlatforms) = preSolution
		Debug|Any CPU = Debug|Any CPU
		Release|Any CPU = Release|Any CPU
	EndGlobalSection
	GlobalSection(ProjectConfigurationPlatforms) = postSolution
		{B185D4EA-1496-4FEE-81A0-B38AA9346FA9}.Debug|Any CPU.ActiveCfg = Debug|Any CPU
		{B185D4EA-1496-4FEE-81A0-B38AA9346FA9}.Debug|Any CPU.Build.0 = Debug|Any CPU
		{B185D4EA-1496-4FEE-81A0-B38AA9346FA9}.Release|Any CPU.ActiveCfg = Release|Any CPU
		{B185D4EA-1496-4FEE-81A0-B38AA9346FA9}.Release|Any CPU.Build.0 = Release|Any CPU
	EndGlobalSection
	GlobalSection(SolutionProperties) = preSolution
		HideSolutionNode = FALSE
	EndGlobalSection
	GlobalSection(ExtensibilityGlobals) = postSolution
		SolutionGuid = {A224EDC2-65B5-474F-AE08-F380144E8EAC}
	EndGlobalSection
EndGlobal
